Load Balancing Firewalls WebSockets Artificial Intelligence Difficult roads often lead to beautiful destinations.
Work hard in silence, let your success be your noise. Predictive Analytics A/B Testing Success is how high you bounce when you hit bottom. Code Review If you can dream it, you can do it. IoT Quantum Computing Load Balancing
